
Microsoft Visual Studio Solution File, Format Version 12.00
# Visual Studio Version 16
VisualStudioVersion = 16.0.30711.63
MinimumVisualStudioVersion = 10.0.40219.1
Project("{9A19103F-16F7-4668-BE54-9A1E7A4F7556}") = "YouggyCtw", "ConcoursTwitter\YouggyCtw.csproj", "{629D1A0D-7089-49E6-9E7E-0F3D5390FFF9}"
EndProject
Project("{9A19103F-16F7-4668-BE54-9A1E7A4F7556}") = "LibraryTweeter", "LibraryTweeter\LibraryTweeter.csproj", "{C9ED0A8B-9C5A-47FF-94DF-2CB155703190}"
EndProject
Project("{9A19103F-16F7-4668-BE54-9A1E7A4F7556}") = "LibTwitter.Core", "LibTwitter.Core\LibTwitter.Core.csproj", "{F698FF1E-8BC7-47CC-8CDE-5F367549D81F}"
EndProject
Project("{9A19103F-16F7-4668-BE54-9A1E7A4F7556}") = "YouggyTw", "YouggyTw\YouggyTw.csproj", "{C335C983-9847-4F90-9C1A-86A377D84F10}"
EndProject
Global
	GlobalSection(SolutionConfigurationPlatforms) = preSolution
		Debug|Any CPU = Debug|Any CPU
		Release|Any CPU = Release|Any CPU
	EndGlobalSection
	GlobalSection(ProjectConfigurationPlatforms) = postSolution
		{629D1A0D-7089-49E6-9E7E-0F3D5390FFF9}.Debug|Any CPU.ActiveCfg = Debug|Any CPU
		{629D1A0D-7089-49E6-9E7E-0F3D5390FFF9}.Debug|Any CPU.Build.0 = Debug|Any CPU
		{629D1A0D-7089-49E6-9E7E-0F3D5390FFF9}.Release|Any CPU.ActiveCfg = Release|Any CPU
		{629D1A0D-7089-49E6-9E7E-0F3D5390FFF9}.Release|Any CPU.Build.0 = Release|Any CPU
		{C9ED0A8B-9C5A-47FF-94DF-2CB155703190}.Debug|Any CPU.ActiveCfg = Debug|Any CPU
		{C9ED0A8B-9C5A-47FF-94DF-2CB155703190}.Debug|Any CPU.Build.0 = Debug|Any CPU
		{C9ED0A8B-9C5A-47FF-94DF-2CB155703190}.Release|Any CPU.ActiveCfg = Release|Any CPU
		{C9ED0A8B-9C5A-47FF-94DF-2CB155703190}.Release|Any CPU.Build.0 = Release|Any CPU
		{F698FF1E-8BC7-47CC-8CDE-5F367549D81F}.Debug|Any CPU.ActiveCfg = Debug|Any CPU
		{F698FF1E-8BC7-47CC-8CDE-5F367549D81F}.Debug|Any CPU.Build.0 = Debug|Any CPU
		{F698FF1E-8BC7-47CC-8CDE-5F367549D81F}.Release|Any CPU.ActiveCfg = Release|Any CPU
		{F698FF1E-8BC7-47CC-8CDE-5F367549D81F}.Release|Any CPU.Build.0 = Release|Any CPU
		{C335C983-9847-4F90-9C1A-86A377D84F10}.Debug|Any CPU.ActiveCfg = Debug|Any CPU
		{C335C983-9847-4F90-9C1A-86A377D84F10}.Debug|Any CPU.Build.0 = Debug|Any CPU
		{C335C983-9847-4F90-9C1A-86A377D84F10}.Release|Any CPU.ActiveCfg = Release|Any CPU
		{C335C983-9847-4F90-9C1A-86A377D84F10}.Release|Any CPU.Build.0 = Release|Any CPU
	EndGlobalSection
	GlobalSection(SolutionProperties) = preSolution
		HideSolutionNode = FALSE
	EndGlobalSection
	GlobalSection(ExtensibilityGlobals) = postSolution
		SolutionGuid = {96A6965B-763A-409B-BB03-D312E5F11041}
	EndGlobalSection
EndGlobal
